{
  "requires": true,
  "lockfileVersion": 1,
  "dependencies": {
    "apiseeds-lyrics": {
      "version": "2.0.0",
      "resolved": "https://registry.npmjs.org/apiseeds-lyrics/-/apiseeds-lyrics-2.0.0.tgz",
      "integrity": "sha512-3R1fCsfwwf6bx2HVNuZutV1nuR4wdX4Ip0Gd6o73pRK6V+zMfm0YxXlVu6YbEB7kB6dIcxX+u1MvBaHfrEe8uA=="
    }
  }
}
